
Microsoft Visual Studio Solution File, Format Version 12.00
# Visual Studio 15
VisualStudioVersion = 15.0.28307.329
MinimumVisualStudioVersion = 10.0.40219.1
Project("{FAE04EC0-301F-11D3-BF4B-00C04F79EFBC}") = "MedianOfDifferentSizeSortedArrays", "MedianOfDifferentSizeSortedArrays\MedianOfDifferentSizeSortedArrays.csproj", "{02658C40-62A3-4EBB-8C18-12FDA6D12F6A}"
EndProject
Global
	GlobalSection(SolutionConfigurationPlatforms) = preSolution
		Debug|Any CPU = Debug|Any CPU
		Release|Any CPU = Release|Any CPU
	EndGlobalSection
	GlobalSection(ProjectConfigurationPlatforms) = postSolution
		{02658C40-62A3-4EBB-8C18-12FDA6D12F6A}.Debug|Any CPU.ActiveCfg = Debug|Any CPU
		{02658C40-62A3-4EBB-8C18-12FDA6D12F6A}.Debug|Any CPU.Build.0 = Debug|Any CPU
		{02658C40-62A3-4EBB-8C18-12FDA6D12F6A}.Release|Any CPU.ActiveCfg = Release|Any CPU
		{02658C40-62A3-4EBB-8C18-12FDA6D12F6A}.Release|Any CPU.Build.0 = Release|Any CPU
	EndGlobalSection
	GlobalSection(SolutionProperties) = preSolution
		HideSolutionNode = FALSE
	EndGlobalSection
	GlobalSection(ExtensibilityGlobals) = postSolution
		SolutionGuid = {0109E857-DDB4-48FC-899D-FC0D0B910E4B}
	EndGlobalSection
EndGlobal
